// !$*UTF8*$!
{
	archiveVersion = 1;
	classes = {
	};
	objectVersion = 46;
	objects = {

/* Begin PBXBuildFile section */
		3EC555AB1CBCF6AA0035696E /* AppDelegate.swift in Sources */ = {isa = PBXBuildFile; fileRef = 3EC555AA1CBCF6AA0035696E /* AppDelegate.swift */; };
		3EC555AD1CBCF6AA0035696E /* ViewController.swift in Sources */ = {isa = PBXBuildFile; fileRef = 3EC555AC1CBCF6AA0035696E /* ViewController.swift */; };
		3EC555B01CBCF6AA0035696E /* Main.storyboard in Resources */ = {isa = PBXBuildFile; fileRef = 3EC555AE1CBCF6AA0035696E /* Main.storyboard */; };
		3EC555B21CBCF6AB0035696E /* Assets.xcassets in Resources */ = {isa = PBXBuildFile; fileRef = 3EC555B11CBCF6AB0035696E /* Assets.xcassets */; };
		3EC555B51CBCF6AB0035696E /* LaunchScreen.storyboard in Resources */ = {isa = PBXBuildFile; fileRef = 3EC555B31CBCF6AB0035696E /* LaunchScreen.storyboard */; };
		3EC555C01CBCF6AC0035696E /* assignment2Tests.swift in Sources */ = {isa = PBXBuildFile; fileRef = 3EC555BF1CBCF6AC0035696E /* assignment2Tests.swift */; };
		3EC555CB1CBCF6AC0035696E /* assignment2UITests.swift in Sources */ = {isa = PBXBuildFile; fileRef = 3EC555CA1CBCF6AC0035696E /* assignment2UITests.swift */; };
/* End PBXBuildFile section */

/* Begin PBXContainerItemProxy section */
		3EC555BC1CBCF6AC0035696E /* PBXContainerItemProxy */ = {
			isa = PBXContainerItemProxy;
			containerPortal = 3EC5559F1CBCF6A80035696E /* Project object */;
			proxyType = 1;
			remoteGlobalIDString = 3EC555A61CBCF6A80035696E;
			remoteInfo = assignment2;
		};
		3EC555C71CBCF6AC0035696E /* PBXContainerItemProxy */ = {
			isa = PBXContainerItemProxy;
			containerPortal = 3EC5559F1CBCF6A80035696E /* Project object */;
			proxyType = 1;
			remoteGlobalIDString = 3EC555A61CBCF6A80035696E;
			remoteInfo = assignment2;
		};
/* End PBXContainerItemProxy section */

/* Begin PBXFileReference section */
		3EC555A71CBCF6A90035696E /* assignment2.app */ = {isa = PBXFileReference; explicitFileType = wrapper.application; includeInIndex = 0; path = assignment2.app; sourceTree = BUILT_PRODUCTS_DIR; };
		3EC555AA1CBCF6AA0035696E /* AppDelegate.swift */ = {isa = PBXFileReference; lastKnownFileType = sourcecode.swift; path = AppDelegate.swift; sourceTree = "<group>"; };
		3EC555AC1CBCF6AA0035696E /* ViewController.swift */ = {isa = PBXFileReference; lastKnownFileType = sourcecode.swift; path = ViewController.swift; sourceTree = "<group>"; };
		3EC555AF1CBCF6AA0035696E /* Base */ = {isa = PBXFileReference; lastKnownFileType = file.storyboard; name = Base; path = Base.lproj/Main.storyboard; sourceTree = "<group>"; };
		3EC555B11CBCF6AB0035696E /* Assets.xcassets */ = {isa = PBXFileReference; lastKnownFileType = folder.assetcatalog; path = Assets.xcassets; sourceTree = "<group>"; };
		3EC555B41CBCF6AB0035696E /* Base */ = {isa = PBXFileReference; lastKnownFileType = file.storyboard; name = Base; path = Base.lproj/LaunchScreen.storyboard; sourceTree = "<group>"; };
		3EC555B61CBCF6AB0035696E /* Info.plist */ = {isa = PBXFileReference; lastKnownFileType = text.plist.xml; path = Info.plist; sourceTree = "<group>"; };
		3EC555BB1CBCF6AC0035696E /* assignment2Tests.xctest */ = {isa = PBXFileReference; explicitFileType = wrapper.cfbundle; includeInIndex = 0; path = assignment2Tests.xctest; sourceTree = BUILT_PRODUCTS_DIR; };
		3EC555BF1CBCF6AC0035696E /* assignment2Tests.swift */ = {isa = PBXFileReference; lastKnownFileType = sourcecode.swift; path = assignment2Tests.swift; sourceTree = "<group>"; };
		3EC555C11CBCF6AC0035696E /* Info.plist */ = {isa = PBXFileReference; lastKnownFileType = text.plist.xml; path = Info.plist; sourceTree = "<group>"; };
		3EC555C61CBCF6AC0035696E /* assignment2UITests.xctest */ = {isa = PBXFileReference; explicitFileType = wrapper.cfbundle; includeInIndex = 0; path = assignment2UITests.xctest; sourceTree = BUILT_PRODUCTS_DIR; };
		3EC555CA1CBCF6AC0035696E /* assignment2UITests.swift */ = {isa = PBXFileReference; lastKnownFileType = sourcecode.swift; path = assignment2UITests.swift; sourceTree = "<group>"; };
		3EC555CC1CBCF6AC0035696E /* Info.plist */ = {isa = PBXFileReference; lastKnownFileType = text.plist.xml; path = Info.plist; sourceTree = "<group>"; };
/* End PBXFileReference section */

/* Begin PBXFrameworksBuildPhase section */
		3EC555A41CBCF6A80035696E /* Frameworks */ = {
			isa = PBXFrameworksBuildPhase;
			buildActionMask = 2147483647;
			files = (
			);
			runOnlyForDeploymentPostprocessing = 0;
		};
		3EC555B81CBCF6AC0035696E /* Frameworks */ = {
			isa = PBXFrameworksBuildPhase;
			buildActionMask = 2147483647;
			files = (
			);
			runOnlyForDeploymentPostprocessing = 0;
		};
		3EC555C31CBCF6AC0035696E /* Frameworks */ = {
			isa = PBXFrameworksBuildPhase;
			buildActionMask = 2147483647;
			files = (
			);
			runOnlyForDeploymentPostprocessing = 0;
		};
/* End PBXFrameworksBuildPhase section */

/* Begin PBXGroup section */
		3EC5559E1CBCF6A70035696E = {
			isa = PBXGroup;
			children = (
				3EC555A91CBCF6AA0035696E /* assignment2 */,
				3EC555BE1CBCF6AC0035696E /* assignment2Tests */,
				3EC555C91CBCF6AC0035696E /* assignment2UITests */,
				3EC555A81CBCF6A90035696E /* Products */,
			);
			sourceTree = "<group>";
		};
		3EC555A81CBCF6A90035696E /* Products */ = {
			isa = PBXGroup;
			children = (
				3EC555A71CBCF6A90035696E /* assignment2.app */,
				3EC555BB1CBCF6AC0035696E /* assignment2Tests.xctest */,
				3EC555C61CBCF6AC0035696E /* assignment2UITests.xctest */,
			);
			name = Products;
			sourceTree = "<group>";
		};
		3EC555A91CBCF6AA0035696E /* assignment2 */ = {
			isa = PBXGroup;
			children = (
				3EC555AA1CBCF6AA0035696E /* AppDelegate.swift */,
				3EC555AC1CBCF6AA0035696E /* ViewController.swift */,
				3EC555AE1CBCF6AA0035696E /* Main.storyboard */,
				3EC555B11CBCF6AB0035696E /* Assets.xcassets */,
				3EC555B31CBCF6AB0035696E /* LaunchScreen.storyboard */,
				3EC555B61CBCF6AB0035696E /* Info.plist */,
			);
			path = assignment2;
			sourceTree = "<group>";
		};
		3EC555BE1CBCF6AC0035696E /* assignment2Tests */ = {
			isa = PBXGroup;
			children = (
				3EC555BF1CBCF6AC0035696E /* assignment2Tests.swift */,
				3EC555C11CBCF6AC0035696E /* Info.plist */,
			);
			path = assignment2Tests;
			sourceTree = "<group>";
		};
		3EC555C91CBCF6AC0035696E /* assignment2UITests */ = {
			isa = PBXGroup;
			children = (
				3EC555CA1CBCF6AC0035696E /* assignment2UITests.swift */,
				3EC555CC1CBCF6AC0035696E /* Info.plist */,
			);
			path = assignment2UITests;
			sourceTree = "<group>";
		};
/* End PBXGroup section */

/* Begin PBXNativeTarget section */
		3EC555A61CBCF6A80035696E /* assignment2 */ = {
			isa = PBXNativeTarget;
			buildConfigurationList = 3EC555CF1CBCF6AD0035696E /* Build configuration list for PBXNativeTarget "assignment2" */;
			buildPhases = (
				3EC555A31CBCF6A80035696E /* Sources */,
				3EC555A41CBCF6A80035696E /* Frameworks */,
				3EC555A51CBCF6A80035696E /* Resources */,
			);
			buildRules = (
			);
			dependencies = (
			);
			name = assignment2;
			productName = assignment2;
			productReference = 3EC555A71CBCF6A90035696E /* assignment2.app */;
			productType = "com.apple.product-type.application";
		};
		3EC555BA1CBCF6AC0035696E /* assignment2Tests */ = {
			isa = PBXNativeTarget;
			buildConfigurationList = 3EC555D21CBCF6AD0035696E /* Build configuration list for PBXNativeTarget "assignment2Tests" */;
			buildPhases = (
				3EC555B71CBCF6AC0035696E /* Sources */,
				3EC555B81CBCF6AC0035696E /* Frameworks */,
				3EC555B91CBCF6AC0035696E /* Resources */,
			);
			buildRules = (
			);
			dependencies = (
				3EC555BD1CBCF6AC0035696E /* PBXTargetDependency */,
			);
			name = assignment2Tests;
			productName = assignment2Tests;
			productReference = 3EC555BB1CBCF6AC0035696E /* assignment2Tests.xctest */;
			productType = "com.apple.product-type.bundle.unit-test";
		};
		3EC555C51CBCF6AC0035696E /* assignment2UITests */ = {
			isa = PBXNativeTarget;
			buildConfigurationList = 3EC555D51CBCF6AD0035696E /* Build configuration list for PBXNativeTarget "assignment2UITests" */;
			buildPhases = (
				3EC555C21CBCF6AC0035696E /* Sources */,
				3EC555C31CBCF6AC0035696E /* Frameworks */,
				3EC555C41CBCF6AC0035696E /* Resources */,
			);
			buildRules = (
			);
			dependencies = (
				3EC555C81CBCF6AC0035696E /* PBXTargetDependency */,
			);
			name = assignment2UITests;
			productName = assignment2UITests;
			productReference = 3EC555C61CBCF6AC0035696E /* assignment2UITests.xctest */;
			productType = "com.apple.product-type.bundle.ui-testing";
		};
/* End PBXNativeTarget section */

/* Begin PBXProject section */
		3EC5559F1CBCF6A80035696E /* Project object */ = {
			isa = PBXProject;
			attributes = {
				LastSwiftUpdateCheck = 0730;
				LastUpgradeCheck = 0730;
				ORGANIZATIONNAME = "Tommy Susanto";
				TargetAttributes = {
					3EC555A61CBCF6A80035696E = {
						CreatedOnToolsVersion = 7.3;
						DevelopmentTeam = AYL2H5CHGD;
					};
					3EC555BA1CBCF6AC0035696E = {
						CreatedOnToolsVersion = 7.3;
						DevelopmentTeam = AYL2H5CHGD;
						TestTargetID = 3EC555A61CBCF6A80035696E;
					};
					3EC555C51CBCF6AC0035696E = {
						CreatedOnToolsVersion = 7.3;
						DevelopmentTeam = AYL2H5CHGD;
						TestTargetID = 3EC555A61CBCF6A80035696E;
					};
				};
			};
			buildConfigurationList = 3EC555A21CBCF6A80035696E /* Build configuration list for PBXProject "assignment2" */;
			compatibilityVersion = "Xcode 3.2";
			developmentRegion = English;
			hasScannedForEncodings = 0;
			knownRegions = (
				en,
				Base,
			);
			mainGroup = 3EC5559E1CBCF6A70035696E;
			productRefGroup = 3EC555A81CBCF6A90035696E /* Products */;
			projectDirPath = "";
			projectRoot = "";
			targets = (
				3EC555A61CBCF6A80035696E /* assignment2 */,
				3EC555BA1CBCF6AC0035696E /* assignment2Tests */,
				3EC555C51CBCF6AC0035696E /* assignment2UITests */,
			);
		};
/* End PBXProject section */

/* Begin PBXResourcesBuildPhase section */
		3EC555A51CBCF6A80035696E /* Resources */ = {
			isa = PBXResourcesBuildPhase;
			buildActionMask = 2147483647;
			files = (
				3EC555B51CBCF6AB0035696E /* LaunchScreen.storyboard in Resources */,
				3EC555B21CBCF6AB0035696E /* Assets.xcassets in Resources */,
				3EC555B01CBCF6AA0035696E /* Main.storyboard in Resources */,
			);
			runOnlyForDeploymentPostprocessing = 0;
		};
		3EC555B91CBCF6AC0035696E /* Resources */ = {
			isa = PBXResourcesBuildPhase;
			buildActionMask = 2147483647;
			files = (
			);
			runOnlyForDeploymentPostprocessing = 0;
		};
		3EC555C41CBCF6AC0035696E /* Resources */ = {
			isa = PBXResourcesBuildPhase;
			buildActionMask = 2147483647;
			files = (
			);
			runOnlyForDeploymentPostprocessing = 0;
		};
/* End PBXResourcesBuildPhase section */

/* Begin PBXSourcesBuildPhase section */
		3EC555A31CBCF6A80035696E /* Sources */ = {
			isa = PBXSourcesBuildPhase;
			buildActionMask = 2147483647;
			files = (
				3EC555AD1CBCF6AA0035696E /* ViewController.swift in Sources */,
				3EC555AB1CBCF6AA0035696E /* AppDelegate.swift in Sources */,
			);
			runOnlyForDeploymentPostprocessing = 0;
		};
		3EC555B71CBCF6AC0035696E /* Sources */ = {
			isa = PBXSourcesBuildPhase;
			buildActionMask = 2147483647;
			files = (
				3EC555C01CBCF6AC0035696E /* assignment2Tests.swift in Sources */,
			);
			runOnlyForDeploymentPostprocessing = 0;
		};
		3EC555C21CBCF6AC0035696E /* Sources */ = {
			isa = PBXSourcesBuildPhase;
			buildActionMask = 2147483647;
			files = (
				3EC555CB1CBCF6AC0035696E /* assignment2UITests.swift in Sources */,
			);
			runOnlyForDeploymentPostprocessing = 0;
		};
/* End PBXSourcesBuildPhase section */

/* Begin PBXTargetDependency section */
		3EC555BD1CBCF6AC0035696E /* PBXTargetDependency */ = {
			isa = PBXTargetDependency;
			target = 3EC555A61CBCF6A80035696E /* assignment2 */;
			targetProxy = 3EC555BC1CBCF6AC0035696E /* PBXContainerItemProxy */;
		};
		3EC555C81CBCF6AC0035696E /* PBXTargetDependency */ = {
			isa = PBXTargetDependency;
			target = 3EC555A61CBCF6A80035696E /* assignment2 */;
			targetProxy = 3EC555C71CBCF6AC0035696E /* PBXContainerItemProxy */;
		};
/* End PBXTargetDependency section */

/* Begin PBXVariantGroup section */
		3EC555AE1CBCF6AA0035696E /* Main.storyboard */ = {
			isa = PBXVariantGroup;
			children = (
				3EC555AF1CBCF6AA0035696E /* Base */,
			);
			name = Main.storyboard;
			sourceTree = "<group>";
		};
		3EC555B31CBCF6AB0035696E /* LaunchScreen.storyboard */ = {
			isa = PBXVariantGroup;
			children = (
				3EC555B41CBCF6AB0035696E /* Base */,
			);
			name = LaunchScreen.storyboard;
			sourceTree = "<group>";
		};
/* End PBXVariantGroup section */

/* Begin XCBuildConfiguration section */
		3EC555CD1CBCF6AD0035696E /* Debug */ = {
			isa = XCBuildConfiguration;
			buildSettings = {
				ALWAYS_SEARCH_USER_PATHS = NO;
				CLANG_ANALYZER_NONNULL = YES;
				CLANG_CXX_LANGUAGE_STANDARD = "gnu++0x";
				CLANG_CXX_LIBRARY = "libc++";
				CLANG_ENABLE_MODULES = YES;
				CLANG_ENABLE_OBJC_ARC = YES;
				CLANG_WARN_BOOL_CONVERSION = YES;
				CLANG_WARN_CONSTANT_CONVERSION = YES;
				CLANG_WARN_DIRECT_OBJC_ISA_USAGE = YES_ERROR;
				CLANG_WARN_EMPTY_BODY = YES;
				CLANG_WARN_ENUM_CONVERSION = YES;
				CLANG_WARN_INT_CONVERSION = YES;
				CLANG_WARN_OBJC_ROOT_CLASS = YES_ERROR;
				CLANG_WARN_UNREACHABLE_CODE = YES;
				CLANG_WARN__DUPLICATE_METHOD_MATCH = YES;
				"CODE_SIGN_IDENTITY[sdk=iphoneos*]" = "iPhone Developer";
				COPY_PHASE_STRIP = NO;
				DEBUG_INFORMATION_FORMAT = dwarf;
				ENABLE_STRICT_OBJC_MSGSEND = YES;
				ENABLE_TESTABILITY = YES;
				GCC_C_LANGUAGE_STANDARD = gnu99;
				GCC_DYNAMIC_NO_PIC = NO;
				GCC_NO_COMMON_BLOCKS = YES;
				GCC_OPTIMIZATION_LEVEL = 0;
				GCC_PREPROCESSOR_DEFINITIONS = (
					"DEBUG=1",
					"$(inherited)",
				);
				GCC_WARN_64_TO_32_BIT_CONVERSION = YES;
				GCC_WARN_ABOUT_RETURN_TYPE = YES_ERROR;
				GCC_WARN_UNDECLARED_SELECTOR = YES;
				GCC_WARN_UNINITIALIZED_AUTOS = YES_AGGRESSIVE;
				GCC_WARN_UNUSED_FUNCTION = YES;
				GCC_WARN_UNUSED_VARIABLE = YES;
				IPHONEOS_DEPLOYMENT_TARGET = 9.3;
				MTL_ENABLE_DEBUG_INFO = YES;
				ONLY_ACTIVE_ARCH = YES;
				SDKROOT = iphoneos;
				SWIFT_OPTIMIZATION_LEVEL = "-Onone";
				TARGETED_DEVICE_FAMILY = "1,2";
			};
			name = Debug;
		};
		3EC555CE1CBCF6AD0035696E /* Release */ = {
			isa = XCBuildConfiguration;
			buildSettings = {
				ALWAYS_SEARCH_USER_PATHS = NO;
				CLANG_ANALYZER_NONNULL = YES;
				CLANG_CXX_LANGUAGE_STANDARD = "gnu++0x";
				CLANG_CXX_LIBRARY = "libc++";
				CLANG_ENABLE_MODULES = YES;
				CLANG_ENABLE_OBJC_ARC = YES;
				CLANG_WARN_BOOL_CONVERSION = YES;
				CLANG_WARN_CONSTANT_CONVERSION = YES;
				CLANG_WARN_DIRECT_OBJC_ISA_USAGE = YES_ERROR;
				CLANG_WARN_EMPTY_BODY = YES;
				CLANG_WARN_ENUM_CONVERSION = YES;
				CLANG_WARN_INT_CONVERSION = YES;
				CLANG_WARN_OBJC_ROOT_CLASS = YES_ERROR;
				CLANG_WARN_UNREACHABLE_CODE = YES;
				CLANG_WARN__DUPLICATE_METHOD_MATCH = YES;
				"CODE_SIGN_IDENTITY[sdk=iphoneos*]" = "iPhone Developer";
				COPY_PHASE_STRIP = NO;
				DEBUG_INFORMATION_FORMAT = "dwarf-with-dsym";
				ENABLE_NS_ASSERTIONS = NO;
				ENABLE_STRICT_OBJC_MSGSEND = YES;
				GCC_C_LANGUAGE_STANDARD = gnu99;
				GCC_NO_COMMON_BLOCKS = YES;
				GCC_WARN_64_TO_32_BIT_CONVERSION = YES;
				GCC_WARN_ABOUT_RETURN_TYPE = YES_ERROR;
				GCC_WARN_UNDECLARED_SELECTOR = YES;
				GCC_WARN_UNINITIALIZED_AUTOS = YES_AGGRESSIVE;
				GCC_WARN_UNUSED_FUNCTION = YES;
				GCC_WARN_UNUSED_VARIABLE = YES;
				IPHONEOS_DEPLOYMENT_TARGET = 9.3;
				MTL_ENABLE_DEBUG_INFO = NO;
				SDKROOT = iphoneos;
				TARGETED_DEVICE_FAMILY = "1,2";
				VALIDATE_PRODUCT = YES;
			};
			name = Release;
		};
		3EC555D01CBCF6AD0035696E /* Debug */ = {
			isa = XCBuildConfiguration;
			buildSettings = {
				ASSETCATALOG_COMPILER_APPICON_NAME = AppIcon;
				INFOPLIST_FILE = assignment2/Info.plist;
				LD_RUNPATH_SEARCH_PATHS = "$(inherited) @executable_path/Frameworks";
				PRODUCT_BUNDLE_IDENTIFIER = com.reversedomain.tommy.assignment2;
				PRODUCT_NAME = "$(TARGET_NAME)";
			};
			name = Debug;
		};
		3EC555D11CBCF6AD0035696E /* Release */ = {
			isa = XCBuildConfiguration;
			buildSettings = {
				ASSETCATALOG_COMPILER_APPICON_NAME = AppIcon;
				INFOPLIST_FILE = assignment2/Info.plist;
				LD_RUNPATH_SEARCH_PATHS = "$(inherited) @executable_path/Frameworks";
				PRODUCT_BUNDLE_IDENTIFIER = com.reversedomain.tommy.assignment2;
				PRODUCT_NAME = "$(TARGET_NAME)";
			};
			name = Release;
		};
		3EC555D31CBCF6AD0035696E /* Debug */ = {
			isa = XCBuildConfiguration;
			buildSettings = {
				BUNDLE_LOADER = "$(TEST_HOST)";
				INFOPLIST_FILE = assignment2Tests/Info.plist;
				LD_RUNPATH_SEARCH_PATHS = "$(inherited) @executable_path/Frameworks @loader_path/Frameworks";
				PRODUCT_BUNDLE_IDENTIFIER = com.reversedomain.tommy.assignment2Tests;
				PRODUCT_NAME = "$(TARGET_NAME)";
				TEST_HOST = "$(BUILT_PRODUCTS_DIR)/assignment2.app/assignment2";
			};
			name = Debug;
		};
		3EC555D41CBCF6AD0035696E /* Release */ = {
			isa = XCBuildConfiguration;
			buildSettings = {
				BUNDLE_LOADER = "$(TEST_HOST)";
				INFOPLIST_FILE = assignment2Tests/Info.plist;
				LD_RUNPATH_SEARCH_PATHS = "$(inherited) @executable_path/Frameworks @loader_path/Frameworks";
				PRODUCT_BUNDLE_IDENTIFIER = com.reversedomain.tommy.assignment2Tests;
				PRODUCT_NAME = "$(TARGET_NAME)";
				TEST_HOST = "$(BUILT_PRODUCTS_DIR)/assignment2.app/assignment2";
			};
			name = Release;
		};
		3EC555D61CBCF6AD0035696E /* Debug */ = {
			isa = XCBuildConfiguration;
			buildSettings = {
				INFOPLIST_FILE = assignment2UITests/Info.plist;
				LD_RUNPATH_SEARCH_PATHS = "$(inherited) @executable_path/Frameworks @loader_path/Frameworks";
				PRODUCT_BUNDLE_IDENTIFIER = com.reversedomain.tommy.assignment2UITests;
				PRODUCT_NAME = "$(TARGET_NAME)";
				TEST_TARGET_NAME = assignment2;
			};
			name = Debug;
		};
		3EC555D71CBCF6AD0035696E /* Release */ = {
			isa = XCBuildConfiguration;
			buildSettings = {
				INFOPLIST_FILE = assignment2UITests/Info.plist;
				LD_RUNPATH_SEARCH_PATHS = "$(inherited) @executable_path/Frameworks @loader_path/Frameworks";
				PRODUCT_BUNDLE_IDENTIFIER = com.reversedomain.tommy.assignment2UITests;
				PRODUCT_NAME = "$(TARGET_NAME)";
				TEST_TARGET_NAME = assignment2;
			};
			name = Release;
		};
/* End XCBuildConfiguration section */

/* Begin XCConfigurationList section */
		3EC555A21CBCF6A80035696E /* Build configuration list for PBXProject "assignment2" */ = {
			isa = XCConfigurationList;
			buildConfigurations = (
				3EC555CD1CBCF6AD0035696E /* Debug */,
				3EC555CE1CBCF6AD0035696E /* Release */,
			);
			defaultConfigurationIsVisible = 0;
			defaultConfigurationName = Release;
		};
		3EC555CF1CBCF6AD0035696E /* Build configuration list for PBXNativeTarget "assignment2" */ = {
			isa = XCConfigurationList;
			buildConfigurations = (
				3EC555D01CBCF6AD0035696E /* Debug */,
				3EC555D11CBCF6AD0035696E /* Release */,
			);
			defaultConfigurationIsVisible = 0;
		};
		3EC555D21CBCF6AD0035696E /* Build configuration list for PBXNativeTarget "assignment2Tests" */ = {
			isa = XCConfigurationList;
			buildConfigurations = (
				3EC555D31CBCF6AD0035696E /* Debug */,
				3EC555D41CBCF6AD0035696E /* Release */,
			);
			defaultConfigurationIsVisible = 0;
		};
		3EC555D51CBCF6AD0035696E /* Build configuration list for PBXNativeTarget "assignment2UITests" */ = {
			isa = XCConfigurationList;
			buildConfigurations = (
				3EC555D61CBCF6AD0035696E /* Debug */,
				3EC555D71CBCF6AD0035696E /* Release */,
			);
			defaultConfigurationIsVisible = 0;
		};
/* End XCConfigurationList section */
	};
	rootObject = 3EC5559F1CBCF6A80035696E /* Project object */;
}
